lockfileVersion: '9.0'

settings:
  autoInstallPeers: true
  excludeLinksFromLockfile: false

importers:

  .:
    dependencies:
      '@diner-saas/config':
        specifier: workspace:*
        version: link:../../packages/config
      '@diner-saas/db':
        specifier: workspace:*
        version: link:../../packages/db
      '@diner-saas/ui':
        specifier: workspace:*
        version: link:../../packages/ui
      ai:
        specifier: ^6.0.57
        version: 6.0.57(zod@4.3.6)

packages:

  '@ai-sdk/gateway@3.0.25':
    resolution: {integrity: sha512-j0AQeA7hOVqwImykQlganf/Euj3uEXf0h3G0O4qKTDpEwE+EZGIPnVimCWht5W91lAetPZSfavDyvfpuPDd2PQ==}
    engines: {node: '>=18'}
    peerDependencies:
      zod: ^3.25.76 || ^4.1.8

  '@ai-sdk/provider-utils@4.0.10':
    resolution: {integrity: sha512-VeDAiCH+ZK8Xs4hb9Cw7pHlujWNL52RKe8TExOkrw6Ir1AmfajBZTb9XUdKOZO08RwQElIKA8+Ltm+Gqfo8djQ==}
    engines: {node: '>=18'}
    peerDependencies:
      zod: ^3.25.76 || ^4.1.8

  '@ai-sdk/provider@3.0.5':
    resolution: {integrity: sha512-2Xmoq6DBJqmSl80U6V9z5jJSJP7ehaJJQMy2iFUqTay06wdCqTnPVBBQbtEL8RCChenL+q5DC5H5WzU3vV3v8w==}
    engines: {node: '>=18'}

  '@opentelemetry/api@1.9.0':
    resolution: {integrity: sha512-3giAOQvZiH5F9bMlMiv8+GSPMeqg0dbaeo58/0SlA9sxSqZhnUtxzX9/2FzyhS9sWQf5S0GJE0AKBrFqjpeYcg==}
    engines: {node: '>=8.0.0'}

  '@standard-schema/spec@1.1.0':
    resolution: {integrity: sha512-l2aFy5jALhniG5HgqrD6jXLi/rUWrKvqN/qJx6yoJsgKhblVd+iqqU4RCXavm/jPityDo5TCvKMnpjKnOriy0w==}

  '@vercel/oidc@3.1.0':
    resolution: {integrity: sha512-Fw28YZpRnA3cAHHDlkt7xQHiJ0fcL+NRcIqsocZQUSmbzeIKRpwttJjik5ZGanXP+vlA4SbTg+AbA3bP363l+w==}
    engines: {node: '>= 20'}

  ai@6.0.57:
    resolution: {integrity: sha512-5wYcMQmOaNU71wGv4XX1db3zvn4uLjLbTKIo6cQZPWOJElA0882XI7Eawx6TCd5jbjOvKMIP+KLWbpVomAFT2g==}
    engines: {node: '>=18'}
    peerDependencies:
      zod: ^3.25.76 || ^4.1.8

  eventsource-parser@3.0.6:
    resolution: {integrity: sha512-Vo1ab+QXPzZ4tCa8SwIHJFaSzy4R6SHf7BY79rFBDf0idraZWAkYrDjDj8uWaSm3S2TK+hJ7/t1CEmZ7jXw+pg==}
    engines: {node: '>=18.0.0'}

  json-schema@0.4.0:
    resolution: {integrity: sha512-es94M3nTIfsEPisRafak+HDLfHXnKBhV3vU5eqPcS3flIWqcxJWgXHXiey3YrpaNsanY5ei1VoYEbOzijuq9BA==}

  zod@4.3.6:
    resolution: {integrity: sha512-rftlrkhHZOcjDwkGlnUtZZkvaPHCsDATp4pGpuOOMDaTdDDXF91wuVDJoWoPsKX/3YPQ5fHuF3STjcYyKr+Qhg==}

snapshots:

  '@ai-sdk/gateway@3.0.25(zod@4.3.6)':
    dependencies:
      '@ai-sdk/provider': 3.0.5
      '@ai-sdk/provider-utils': 4.0.10(zod@4.3.6)
      '@vercel/oidc': 3.1.0
      zod: 4.3.6

  '@ai-sdk/provider-utils@4.0.10(zod@4.3.6)':
    dependencies:
      '@ai-sdk/provider': 3.0.5
      '@standard-schema/spec': 1.1.0
      eventsource-parser: 3.0.6
      zod: 4.3.6

  '@ai-sdk/provider@3.0.5':
    dependencies:
      json-schema: 0.4.0

  '@opentelemetry/api@1.9.0': {}

  '@standard-schema/spec@1.1.0': {}

  '@vercel/oidc@3.1.0': {}

  ai@6.0.57(zod@4.3.6):
    dependencies:
      '@ai-sdk/gateway': 3.0.25(zod@4.3.6)
      '@ai-sdk/provider': 3.0.5
      '@ai-sdk/provider-utils': 4.0.10(zod@4.3.6)
      '@opentelemetry/api': 1.9.0
      zod: 4.3.6

  eventsource-parser@3.0.6: {}

  json-schema@0.4.0: {}

  zod@4.3.6: {}
