lockfileVersion: '9.0'

settings:
  autoInstallPeers: true
  excludeLinksFromLockfile: false

importers:

  .:
    dependencies:
      '@diner-saas/db':
        specifier: workspace:*
        version: link:../../packages/db
      '@diner-saas/scraper':
        specifier: workspace:*
        version: link:../../packages/scraper
      ai:
        specifier: ^5.0.123
        version: 5.0.123(zod@4.3.6)
      workers-ai-provider:
        specifier: ^3.0.2
        version: 3.0.2(@ai-sdk/provider-utils@3.0.20(zod@4.3.6))(@ai-sdk/provider@2.0.1)(ai@5.0.123(zod@4.3.6))(zod@4.3.6)
      zod:
        specifier: ^4.3.6
        version: 4.3.6

packages:

  '@ai-sdk/gateway@2.0.29':
    resolution: {integrity: sha512-1b7E9F/B5gex/1uCkhs+sGIbH0KsZOItHnNz3iY5ir+nc4ZUA6WOU5Cu2w1USlc+3UVbhf+H+iNLlxVjLe4VvQ==}
    engines: {node: '>=18'}
    peerDependencies:
      zod: ^3.25.76 || ^4.1.8

  '@ai-sdk/provider-utils@3.0.20':
    resolution: {integrity: sha512-iXHVe0apM2zUEzauqJwqmpC37A5rihrStAih5Ks+JE32iTe4LZ58y17UGBjpQQTCRw9YxMeo2UFLxLpBluyvLQ==}
    engines: {node: '>=18'}
    peerDependencies:
      zod: ^3.25.76 || ^4.1.8

  '@ai-sdk/provider@2.0.1':
    resolution: {integrity: sha512-KCUwswvsC5VsW2PWFqF8eJgSCu5Ysj7m1TxiHTVA6g7k360bk0RNQENT8KTMAYEs+8fWPD3Uu4dEmzGHc+jGng==}
    engines: {node: '>=18'}

  '@opentelemetry/api@1.9.0':
    resolution: {integrity: sha512-3giAOQvZiH5F9bMlMiv8+GSPMeqg0dbaeo58/0SlA9sxSqZhnUtxzX9/2FzyhS9sWQf5S0GJE0AKBrFqjpeYcg==}
    engines: {node: '>=8.0.0'}

  '@standard-schema/spec@1.1.0':
    resolution: {integrity: sha512-l2aFy5jALhniG5HgqrD6jXLi/rUWrKvqN/qJx6yoJsgKhblVd+iqqU4RCXavm/jPityDo5TCvKMnpjKnOriy0w==}

  '@vercel/oidc@3.1.0':
    resolution: {integrity: sha512-Fw28YZpRnA3cAHHDlkt7xQHiJ0fcL+NRcIqsocZQUSmbzeIKRpwttJjik5ZGanXP+vlA4SbTg+AbA3bP363l+w==}
    engines: {node: '>= 20'}

  ai@5.0.123:
    resolution: {integrity: sha512-V3Imb0tg0pHCa6a/VsoW/FZpT07mwUw/4Hj6nexJC1Nvf1eyKQJyaYVkl+YTLnA8cKQSUkoarKhXWbFy4CSgjw==}
    engines: {node: '>=18'}
    peerDependencies:
      zod: ^3.25.76 || ^4.1.8

  eventsource-parser@3.0.6:
    resolution: {integrity: sha512-Vo1ab+QXPzZ4tCa8SwIHJFaSzy4R6SHf7BY79rFBDf0idraZWAkYrDjDj8uWaSm3S2TK+hJ7/t1CEmZ7jXw+pg==}
    engines: {node: '>=18.0.0'}

  json-schema@0.4.0:
    resolution: {integrity: sha512-es94M3nTIfsEPisRafak+HDLfHXnKBhV3vU5eqPcS3flIWqcxJWgXHXiey3YrpaNsanY5ei1VoYEbOzijuq9BA==}

  workers-ai-provider@3.0.2:
    resolution: {integrity: sha512-HUPu5aQrPOHHaoBiRoUiNzK5wtVtCFl0g/OO3gk9wguGEUK4m81qrqmdte6xlkWeKtujCHIDfIdIN6rZAnzVew==}
    peerDependencies:
      '@ai-sdk/provider': ^3.0.0
      '@ai-sdk/provider-utils': ^4.0.0
      ai: ^6.0.0
      zod: ^3.25.0 || ^4.0.0

  zod@4.3.6:
    resolution: {integrity: sha512-rftlrkhHZOcjDwkGlnUtZZkvaPHCsDATp4pGpuOOMDaTdDDXF91wuVDJoWoPsKX/3YPQ5fHuF3STjcYyKr+Qhg==}

snapshots:

  '@ai-sdk/gateway@2.0.29(zod@4.3.6)':
    dependencies:
      '@ai-sdk/provider': 2.0.1
      '@ai-sdk/provider-utils': 3.0.20(zod@4.3.6)
      '@vercel/oidc': 3.1.0
      zod: 4.3.6

  '@ai-sdk/provider-utils@3.0.20(zod@4.3.6)':
    dependencies:
      '@ai-sdk/provider': 2.0.1
      '@standard-schema/spec': 1.1.0
      eventsource-parser: 3.0.6
      zod: 4.3.6

  '@ai-sdk/provider@2.0.1':
    dependencies:
      json-schema: 0.4.0

  '@opentelemetry/api@1.9.0': {}

  '@standard-schema/spec@1.1.0': {}

  '@vercel/oidc@3.1.0': {}

  ai@5.0.123(zod@4.3.6):
    dependencies:
      '@ai-sdk/gateway': 2.0.29(zod@4.3.6)
      '@ai-sdk/provider': 2.0.1
      '@ai-sdk/provider-utils': 3.0.20(zod@4.3.6)
      '@opentelemetry/api': 1.9.0
      zod: 4.3.6

  eventsource-parser@3.0.6: {}

  json-schema@0.4.0: {}

  workers-ai-provider@3.0.2(@ai-sdk/provider-utils@3.0.20(zod@4.3.6))(@ai-sdk/provider@2.0.1)(ai@5.0.123(zod@4.3.6))(zod@4.3.6):
    dependencies:
      '@ai-sdk/provider': 2.0.1
      '@ai-sdk/provider-utils': 3.0.20(zod@4.3.6)
      ai: 5.0.123(zod@4.3.6)
      zod: 4.3.6

  zod@4.3.6: {}
